
Microsoft Visual Studio Solution File, Format Version 12.00
# Visual Studio Version 16
VisualStudioVersion = 16.0.32630.194
MinimumVisualStudioVersion = 10.0.40219.1
Project("{FAE04EC0-301F-11D3-BF4B-00C04F79EFBC}") = "Practica2907-1", "Practica2907-1\Practica2907-1.csproj", "{6CBB8CC7-B4B3-470A-B6A2-B7CC0468A5F5}"
EndProject
Project("{FAE04EC0-301F-11D3-BF4B-00C04F79EFBC}") = "App2", "App2\App2.csproj", "{5365D041-8225-4D57-BC3F-AA47231DA2AF}"
EndProject
Project("{FAE04EC0-301F-11D3-BF4B-00C04F79EFBC}") = "App3", "App3\App3.csproj", "{8167A03D-562A-4FFE-8CAA-982B3F319508}"
EndProject
Project("{FAE04EC0-301F-11D3-BF4B-00C04F79EFBC}") = "App4", "App4\App4.csproj", "{AFA5F843-BD0D-440E-83D9-C97A3147E498}"
EndProject
Project("{FAE04EC0-301F-11D3-BF4B-00C04F79EFBC}") = "App5", "App5\App5.csproj", "{E00C3680-77F7-4CA0-9B48-55E67CFCEB5B}"
EndProject
Global
	GlobalSection(SolutionConfigurationPlatforms) = preSolution
		Debug|Any CPU = Debug|Any CPU
		Release|Any CPU = Release|Any CPU
	EndGlobalSection
	GlobalSection(ProjectConfigurationPlatforms) = postSolution
		{6CBB8CC7-B4B3-470A-B6A2-B7CC0468A5F5}.Debug|Any CPU.ActiveCfg = Debug|Any CPU
		{6CBB8CC7-B4B3-470A-B6A2-B7CC0468A5F5}.Debug|Any CPU.Build.0 = Debug|Any CPU
		{6CBB8CC7-B4B3-470A-B6A2-B7CC0468A5F5}.Release|Any CPU.ActiveCfg = Release|Any CPU
		{6CBB8CC7-B4B3-470A-B6A2-B7CC0468A5F5}.Release|Any CPU.Build.0 = Release|Any CPU
		{5365D041-8225-4D57-BC3F-AA47231DA2AF}.Debug|Any CPU.ActiveCfg = Debug|Any CPU
		{5365D041-8225-4D57-BC3F-AA47231DA2AF}.Debug|Any CPU.Build.0 = Debug|Any CPU
		{5365D041-8225-4D57-BC3F-AA47231DA2AF}.Release|Any CPU.ActiveCfg = Release|Any CPU
		{5365D041-8225-4D57-BC3F-AA47231DA2AF}.Release|Any CPU.Build.0 = Release|Any CPU
		{8167A03D-562A-4FFE-8CAA-982B3F319508}.Debug|Any CPU.ActiveCfg = Debug|Any CPU
		{8167A03D-562A-4FFE-8CAA-982B3F319508}.Debug|Any CPU.Build.0 = Debug|Any CPU
		{8167A03D-562A-4FFE-8CAA-982B3F319508}.Release|Any CPU.ActiveCfg = Release|Any CPU
		{8167A03D-562A-4FFE-8CAA-982B3F319508}.Release|Any CPU.Build.0 = Release|Any CPU
		{AFA5F843-BD0D-440E-83D9-C97A3147E498}.Debug|Any CPU.ActiveCfg = Debug|Any CPU
		{AFA5F843-BD0D-440E-83D9-C97A3147E498}.Debug|Any CPU.Build.0 = Debug|Any CPU
		{AFA5F843-BD0D-440E-83D9-C97A3147E498}.Release|Any CPU.ActiveCfg = Release|Any CPU
		{AFA5F843-BD0D-440E-83D9-C97A3147E498}.Release|Any CPU.Build.0 = Release|Any CPU
		{E00C3680-77F7-4CA0-9B48-55E67CFCEB5B}.Debug|Any CPU.ActiveCfg = Debug|Any CPU
		{E00C3680-77F7-4CA0-9B48-55E67CFCEB5B}.Debug|Any CPU.Build.0 = Debug|Any CPU
		{E00C3680-77F7-4CA0-9B48-55E67CFCEB5B}.Release|Any CPU.ActiveCfg = Release|Any CPU
		{E00C3680-77F7-4CA0-9B48-55E67CFCEB5B}.Release|Any CPU.Build.0 = Release|Any CPU
	EndGlobalSection
	GlobalSection(SolutionProperties) = preSolution
		HideSolutionNode = FALSE
	EndGlobalSection
	GlobalSection(ExtensibilityGlobals) = postSolution
		SolutionGuid = {773BD57F-2C53-4981-81BA-614F96179035}
	EndGlobalSection
EndGlobal
